
Microsoft Visual Studio Solution File, Format Version 12.00
# Visual Studio Version 16
VisualStudioVersion = 25.0.1700.0
MinimumVisualStudioVersion = 10.0.40219.1
Project("{FAE04EC0-301F-11D3-BF4B-00C04F79EFBC}") = "SearchScorer", "SearchScorer.csproj", "{FBF337A7-4B2A-4225-9212-3169B89E8386}"
EndProject
Global
	GlobalSection(SolutionConfigurationPlatforms) = preSolution
		Debug|Any CPU = Debug|Any CPU
		Release|Any CPU = Release|Any CPU
	EndGlobalSection
	GlobalSection(ProjectConfigurationPlatforms) = postSolution
		{FBF337A7-4B2A-4225-9212-3169B89E8386}.Debug|Any CPU.ActiveCfg = Debug|Any CPU
		{FBF337A7-4B2A-4225-9212-3169B89E8386}.Debug|Any CPU.Build.0 = Debug|Any CPU
		{FBF337A7-4B2A-4225-9212-3169B89E8386}.Release|Any CPU.ActiveCfg = Release|Any CPU
		{FBF337A7-4B2A-4225-9212-3169B89E8386}.Release|Any CPU.Build.0 = Release|Any CPU
	EndGlobalSection
	GlobalSection(SolutionProperties) = preSolution
		HideSolutionNode = FALSE
	EndGlobalSection
	GlobalSection(ExtensibilityGlobals) = postSolution
		SolutionGuid = {8C4FD292-3138-4A3B-8983-C67219968C04}
	EndGlobalSection
EndGlobal
